
Microsoft Visual Studio Solution File, Format Version 12.00
# Visual Studio Version 16
VisualStudioVersion = 16.0.31321.278
MinimumVisualStudioVersion = 10.0.40219.1
Project("{FAE04EC0-301F-11D3-BF4B-00C04F79EFBC}") = "ATM", "ATM\ATM.csproj", "{28F41714-4A75-43F1-AA65-D79BFE99FEAF}"
EndProject
Global
	GlobalSection(SolutionConfigurationPlatforms) = preSolution
		Debug|Any CPU = Debug|Any CPU
		Release|Any CPU = Release|Any CPU
	EndGlobalSection
	GlobalSection(ProjectConfigurationPlatforms) = postSolution
		{28F41714-4A75-43F1-AA65-D79BFE99FEAF}.Debug|Any CPU.ActiveCfg = Debug|Any CPU
		{28F41714-4A75-43F1-AA65-D79BFE99FEAF}.Debug|Any CPU.Build.0 = Debug|Any CPU
		{28F41714-4A75-43F1-AA65-D79BFE99FEAF}.Release|Any CPU.ActiveCfg = Release|Any CPU
		{28F41714-4A75-43F1-AA65-D79BFE99FEAF}.Release|Any CPU.Build.0 = Release|Any CPU
	EndGlobalSection
	GlobalSection(SolutionProperties) = preSolution
		HideSolutionNode = FALSE
	EndGlobalSection
	GlobalSection(ExtensibilityGlobals) = postSolution
		SolutionGuid = {0F4EB613-C9C7-46DD-A232-A353AEC2BB1D}
	EndGlobalSection
EndGlobal
